
Microsoft Visual Studio Solution File, Format Version 12.00
# Visual Studio Version 16
VisualStudioVersion = 16.0.29306.81
MinimumVisualStudioVersion = 10.0.40219.1
Project("{FAE04EC0-301F-11D3-BF4B-00C04F79EFBC}") = "TrelloWebAutomation", "TrelloWebAutomation\TrelloWebAutomation.csproj", "{824609C6-1ADA-47BD-87FD-048C1DFA7F87}"
EndProject
Project("{FAE04EC0-301F-11D3-BF4B-00C04F79EFBC}") = "UIAtomationFramework", "UIAtomationFramework\UIAtomationFramework.csproj", "{2EE0E1D0-A3E5-4721-8976-5011FF78ACC4}"
EndProject
Global
	GlobalSection(SolutionConfigurationPlatforms) = preSolution
		Debug|Any CPU = Debug|Any CPU
		Release|Any CPU = Release|Any CPU
	EndGlobalSection
	GlobalSection(ProjectConfigurationPlatforms) = postSolution
		{824609C6-1ADA-47BD-87FD-048C1DFA7F87}.Debug|Any CPU.ActiveCfg = Debug|Any CPU
		{824609C6-1ADA-47BD-87FD-048C1DFA7F87}.Debug|Any CPU.Build.0 = Debug|Any CPU
		{824609C6-1ADA-47BD-87FD-048C1DFA7F87}.Release|Any CPU.ActiveCfg = Release|Any CPU
		{824609C6-1ADA-47BD-87FD-048C1DFA7F87}.Release|Any CPU.Build.0 = Release|Any CPU
		{2EE0E1D0-A3E5-4721-8976-5011FF78ACC4}.Debug|Any CPU.ActiveCfg = Debug|Any CPU
		{2EE0E1D0-A3E5-4721-8976-5011FF78ACC4}.Debug|Any CPU.Build.0 = Debug|Any CPU
		{2EE0E1D0-A3E5-4721-8976-5011FF78ACC4}.Release|Any CPU.ActiveCfg = Release|Any CPU
		{2EE0E1D0-A3E5-4721-8976-5011FF78ACC4}.Release|Any CPU.Build.0 = Release|Any CPU
	EndGlobalSection
	GlobalSection(SolutionProperties) = preSolution
		HideSolutionNode = FALSE
	EndGlobalSection
	GlobalSection(ExtensibilityGlobals) = postSolution
		SolutionGuid = {B8EBC77E-BEC6-4E91-8913-CCDC088A6FAC}
	EndGlobalSection
EndGlobal
